{
  "version": 4,
  "terraform_version": "1.5.7",
  "serial": 15,
  "lineage": "a1b2c3d4-e5f6-g7h8-i9j0-k1l2m3n4o5p6",
  "outputs": {},
  "resources": [
    {
      "mode": "managed",
      "type": "cloudflare_record",
      "name": "example_a",
      "provider": "provider[\"registry.terraform.io/cloudflare/cloudflare\"]",
      "instances": [
        {
          "attributes": {
            "allow_overwrite": false,
            "comment": "Example A record",
            "created_on": "2024-01-15T10:20:30Z",
            "data": null,
            "hostname": "example.example.com",
            "id": "372e67954025e0ba6aaa6d586b9e0b59",
            "metadata": {
              "auto_added": false,
              "managed_by_apps": false,
              "managed_by_argo_tunnel": false,
              "source": "primary"
            },
            "modified_on": "2024-01-15T10:20:30Z",
            "name": "example",
            "priority": null,
            "proxiable": true,
            "proxied": true,
            "tags": null,
            "ttl": 3600,
            "type": "A",
            "value": "192.0.2.1",
            "zone_id": "e2e3f4r5t6y7u8i9o0p1a2s3d4f5g6h7"
          },
          "private": "eyJlMmJmYjczMC1lY2FhLTExZTYtOGY4OC0zNDM2M2JjN2M0YzAiOnsiY3JlYXRlIjozMDAwMDAwMDAwMCwidXBkYXRlIjozMDAwMDAwMDAwMH19",
          "schema_version": 2,
          "sensitive_attributes": []
        }
      ]
    },
    {
      "mode": "managed",
      "type": "cloudflare_record",
      "name": "example_aaaa",
      "provider": "provider[\"registry.terraform.io/cloudflare/cloudflare\"]",
      "instances": [
        {
          "attributes": {
            "allow_overwrite": false,
            "comment": null,
            "created_on": "2024-01-15T10:21:30Z",
            "data": null,
            "hostname": "ipv6.example.com",
            "id": "472e67954025e0ba6aaa6d586b9e0b60",
            "metadata": {
              "auto_added": false,
              "managed_by_apps": false,
              "managed_by_argo_tunnel": false,
              "source": "primary"
            },
            "modified_on": "2024-01-15T10:21:30Z",
            "name": "ipv6",
            "priority": null,
            "proxiable": true,
            "proxied": false,
            "tags": null,
            "ttl": 1,
            "type": "AAAA",
            "value": "2001:db8::1",
            "zone_id": "e2e3f4r5t6y7u8i9o0p1a2s3d4f5g6h7"
          },
          "private": "eyJlMmJmYjczMC1lY2FhLTExZTYtOGY4OC0zNDM2M2JjN2M0YzAiOnsiY3JlYXRlIjozMDAwMDAwMDAwMCwidXBkYXRlIjozMDAwMDAwMDAwMH19",
          "schema_version": 2,
          "sensitive_attributes": []
        }
      ]
    },
    {
      "mode": "managed",
      "type": "cloudflare_record",
      "name": "example_cname",
      "provider": "provider[\"registry.terraform.io/cloudflare/cloudflare\"]",
      "instances": [
        {
          "attributes": {
            "allow_overwrite": false,
            "comment": null,
            "created_on": "2024-01-15T10:22:30Z",
            "data": null,
            "hostname": "www.example.com",
            "id": "572e67954025e0ba6aaa6d586b9e0b61",
            "metadata": {
              "auto_added": false,
              "managed_by_apps": false,
              "managed_by_argo_tunnel": false,
              "source": "primary"
            },
            "modified_on": "2024-01-15T10:22:30Z",
            "name": "www",
            "priority": null,
            "proxiable": true,
            "proxied": true,
            "tags": null,
            "ttl": 1,
            "type": "CNAME",
            "value": "example.com",
            "zone_id": "e2e3f4r5t6y7u8i9o0p1a2s3d4f5g6h7"
          },
          "private": "eyJlMmJmYjczMC1lY2FhLTExZTYtOGY4OC0zNDM2M2JjN2M0YzAiOnsiY3JlYXRlIjozMDAwMDAwMDAwMCwidXBkYXRlIjozMDAwMDAwMDAwMH19",
          "schema_version": 2,
          "sensitive_attributes": []
        }
      ]
    },
    {
      "mode": "managed",
      "type": "cloudflare_record",
      "name": "example_mx",
      "provider": "provider[\"registry.terraform.io/cloudflare/cloudflare\"]",
      "instances": [
        {
          "attributes": {
            "allow_overwrite": false,
            "comment": null,
            "created_on": "2024-01-15T10:23:30Z",
            "data": null,
            "hostname": "example.com",
            "id": "672e67954025e0ba6aaa6d586b9e0b62",
            "metadata": {
              "auto_added": false,
              "managed_by_apps": false,
              "managed_by_argo_tunnel": false,
              "source": "primary"
            },
            "modified_on": "2024-01-15T10:23:30Z",
            "name": "@",
            "priority": 10,
            "proxiable": false,
            "proxied": false,
            "tags": null,
            "ttl": 3600,
            "type": "MX",
            "value": "mail.example.com",
            "zone_id": "e2e3f4r5t6y7u8i9o0p1a2s3d4f5g6h7"
          },
          "private": "eyJlMmJmYjczMC1lY2FhLTExZTYtOGY4OC0zNDM2M2JjN2M0YzAiOnsiY3JlYXRlIjozMDAwMDAwMDAwMCwidXBkYXRlIjozMDAwMDAwMDAwMH19",
          "schema_version": 2,
          "sensitive_attributes": []
        }
      ]
    },
    {
      "mode": "managed",
      "type": "cloudflare_record",
      "name": "example_txt",
      "provider": "provider[\"registry.terraform.io/cloudflare/cloudflare\"]",
      "instances": [
        {
          "attributes": {
            "allow_overwrite": false,
            "comment": null,
            "created_on": "2024-01-15T10:24:30Z",
            "data": null,
            "hostname": "_dmarc.example.com",
            "id": "772e67954025e0ba6aaa6d586b9e0b63",
            "metadata": {
              "auto_added": false,
              "managed_by_apps": false,
              "managed_by_argo_tunnel": false,
              "source": "primary"
            },
            "modified_on": "2024-01-15T10:24:30Z",
            "name": "_dmarc",
            "priority": null,
            "proxiable": false,
            "proxied": false,
            "tags": null,
            "ttl": 3600,
            "type": "TXT",
            "value": "v=DMARC1; p=reject; rua=mailto:dmarc@example.com",
            "zone_id": "e2e3f4r5t6y7u8i9o0p1a2s3d4f5g6h7"
          },
          "private": "eyJlMmJmYjczMC1lY2FhLTExZTYtOGY4OC0zNDM2M2JjN2M0YzAiOnsiY3JlYXRlIjozMDAwMDAwMDAwMCwidXBkYXRlIjozMDAwMDAwMDAwMH19",
          "schema_version": 2,
          "sensitive_attributes": []
        }
      ]
    },
    {
      "mode": "managed",
      "type": "cloudflare_record",
      "name": "example_srv",
      "provider": "provider[\"registry.terraform.io/cloudflare/cloudflare\"]",
      "instances": [
        {
          "attributes": {
            "allow_overwrite": false,
            "comment": null,
            "created_on": "2024-01-15T10:25:30Z",
            "data": {
              "name": "example.com",
              "port": 5060,
              "priority": 10,
              "proto": "_tcp",
              "service": "_sip",
              "target": "sipserver.example.com",
              "weight": 60
            },
            "hostname": "_sip._tcp.example.com",
            "id": "872e67954025e0ba6aaa6d586b9e0b64",
            "metadata": {
              "auto_added": false,
              "managed_by_apps": false,
              "managed_by_argo_tunnel": false,
              "source": "primary"
            },
            "modified_on": "2024-01-15T10:25:30Z",
            "name": "_sip._tcp",
            "priority": null,
            "proxiable": false,
            "proxied": false,
            "tags": null,
            "ttl": 3600,
            "type": "SRV",
            "value": null,
            "zone_id": "e2e3f4r5t6y7u8i9o0p1a2s3d4f5g6h7"
          },
          "private": "eyJlMmJmYjczMC1lY2FhLTExZTYtOGY4OC0zNDM2M2JjN2M0YzAiOnsiY3JlYXRlIjozMDAwMDAwMDAwMCwidXBkYXRlIjozMDAwMDAwMDAwMH19",
          "schema_version": 2,
          "sensitive_attributes": []
        }
      ]
    },
    {
      "mode": "managed",
      "type": "cloudflare_record",
      "name": "example_caa",
      "provider": "provider[\"registry.terraform.io/cloudflare/cloudflare\"]",
      "instances": [
        {
          "attributes": {
            "allow_overwrite": false,
            "comment": null,
            "created_on": "2024-01-15T10:26:30Z",
            "data": {
              "flags": "0",
              "tag": "issue",
              "value": "letsencrypt.org"
            },
            "hostname": "example.com",
            "id": "972e67954025e0ba6aaa6d586b9e0b65",
            "metadata": {
              "auto_added": false,
              "managed_by_apps": false,
              "managed_by_argo_tunnel": false,
              "source": "primary"
            },
            "modified_on": "2024-01-15T10:26:30Z",
            "name": "@",
            "priority": null,
            "proxiable": false,
            "proxied": false,
            "tags": null,
            "ttl": 3600,
            "type": "CAA",
            "value": null,
            "zone_id": "e2e3f4r5t6y7u8i9o0p1a2s3d4f5g6h7"
          },
          "private": "eyJlMmJmYjczMC1lY2FhLTExZTYtOGY4OC0zNDM2M2JjN2M0YzAiOnsiY3JlYXRlIjozMDAwMDAwMDAwMCwidXBkYXRlIjozMDAwMDAwMDAwMH19",
          "schema_version": 2,
          "sensitive_attributes": []
        }
      ]
    },
    {
      "mode": "managed",
      "type": "cloudflare_record",
      "name": "lb_a_1",
      "provider": "provider[\"registry.terraform.io/cloudflare/cloudflare\"]",
      "instances": [
        {
          "attributes": {
            "allow_overwrite": false,
            "comment": null,
            "created_on": "2024-01-15T10:27:30Z",
            "data": null,
            "hostname": "lb.example.com",
            "id": "a72e67954025e0ba6aaa6d586b9e0b66",
            "metadata": {
              "auto_added": false,
              "managed_by_apps": false,
              "managed_by_argo_tunnel": false,
              "source": "primary"
            },
            "modified_on": "2024-01-15T10:27:30Z",
            "name": "lb",
            "priority": null,
            "proxiable": true,
            "proxied": true,
            "tags": null,
            "ttl": 60,
            "type": "A",
            "value": "192.0.2.10",
            "zone_id": "e2e3f4r5t6y7u8i9o0p1a2s3d4f5g6h7"
          },
          "private": "eyJlMmJmYjczMC1lY2FhLTExZTYtOGY4OC0zNDM2M2JjN2M0YzAiOnsiY3JlYXRlIjozMDAwMDAwMDAwMCwidXBkYXRlIjozMDAwMDAwMDAwMH19",
          "schema_version": 2,
          "sensitive_attributes": []
        }
      ]
    },
    {
      "mode": "managed",
      "type": "cloudflare_record",
      "name": "lb_a_2",
      "provider": "provider[\"registry.terraform.io/cloudflare/cloudflare\"]",
      "instances": [
        {
          "attributes": {
            "allow_overwrite": false,
            "comment": null,
            "created_on": "2024-01-15T10:28:30Z",
            "data": null,
            "hostname": "lb.example.com",
            "id": "b72e67954025e0ba6aaa6d586b9e0b67",
            "metadata": {
              "auto_added": false,
              "managed_by_apps": false,
              "managed_by_argo_tunnel": false,
              "source": "primary"
            },
            "modified_on": "2024-01-15T10:28:30Z",
            "name": "lb",
            "priority": null,
            "proxiable": true,
            "proxied": true,
            "tags": null,
            "ttl": 60,
            "type": "A",
            "value": "192.0.2.11",
            "zone_id": "e2e3f4r5t6y7u8i9o0p1a2s3d4f5g6h7"
          },
          "private": "eyJlMmJmYjczMC1lY2FhLTExZTYtOGY4OC0zNDM2M2JjN2M0YzAiOnsiY3JlYXRlIjozMDAwMDAwMDAwMCwidXBkYXRlIjozMDAwMDAwMDAwMH19",
          "schema_version": 2,
          "sensitive_attributes": []
        }
      ]
    },
    {
      "mode": "managed",
      "type": "cloudflare_record",
      "name": "subdomain_ns",
      "provider": "provider[\"registry.terraform.io/cloudflare/cloudflare\"]",
      "instances": [
        {
          "attributes": {
            "allow_overwrite": false,
            "comment": null,
            "created_on": "2024-01-15T10:29:30Z",
            "data": null,
            "hostname": "subdomain.example.com",
            "id": "c72e67954025e0ba6aaa6d586b9e0b68",
            "metadata": {
              "auto_added": false,
              "managed_by_apps": false,
              "managed_by_argo_tunnel": false,
              "source": "primary"
            },
            "modified_on": "2024-01-15T10:29:30Z",
            "name": "subdomain",
            "priority": null,
            "proxiable": false,
            "proxied": false,
            "tags": null,
            "ttl": 86400,
            "type": "NS",
            "value": "ns1.example.com",
            "zone_id": "e2e3f4r5t6y7u8i9o0p1a2s3d4f5g6h7"
          },
          "private": "eyJlMmJmYjczMC1lY2FhLTExZTYtOGY4OC0zNDM2M2JjN2M0YzAiOnsiY3JlYXRlIjozMDAwMDAwMDAwMCwidXBkYXRlIjozMDAwMDAwMDAwMH19",
          "schema_version": 2,
          "sensitive_attributes": []
        }
      ]
    },
    {
      "mode": "managed",
      "type": "cloudflare_record",
      "name": "example_ptr",
      "provider": "provider[\"registry.terraform.io/cloudflare/cloudflare\"]",
      "instances": [
        {
          "attributes": {
            "allow_overwrite": false,
            "comment": null,
            "created_on": "2024-01-15T10:30:30Z",
            "data": null,
            "hostname": "1.2.0.192.in-addr.arpa",
            "id": "d72e67954025e0ba6aaa6d586b9e0b69",
            "metadata": {
              "auto_added": false,
              "managed_by_apps": false,
              "managed_by_argo_tunnel": false,
              "source": "primary"
            },
            "modified_on": "2024-01-15T10:30:30Z",
            "name": "1.2.0.192.in-addr.arpa",
            "priority": null,
            "proxiable": false,
            "proxied": false,
            "tags": null,
            "ttl": 3600,
            "type": "PTR",
            "value": "host.example.com",
            "zone_id": "e2e3f4r5t6y7u8i9o0p1a2s3d4f5g6h7"
          },
          "private": "eyJlMmJmYjczMC1lY2FhLTExZTYtOGY4OC0zNDM2M2JjN2M0YzAiOnsiY3JlYXRlIjozMDAwMDAwMDAwMCwidXBkYXRlIjozMDAwMDAwMDAwMH19",
          "schema_version": 2,
          "sensitive_attributes": []
        }
      ]
    },
    {
      "mode": "managed",
      "type": "cloudflare_record",
      "name": "dynamic_records",
      "provider": "provider[\"registry.terraform.io/cloudflare/cloudflare\"]",
      "instances": [
        {
          "attributes": {
            "allow_overwrite": false,
            "comment": "Dynamic record for app1",
            "created_on": "2024-01-15T10:31:30Z",
            "data": null,
            "hostname": "app1.example.com",
            "id": "e72e67954025e0ba6aaa6d586b9e0b70",
            "metadata": {
              "auto_added": false,
              "managed_by_apps": false,
              "managed_by_argo_tunnel": false,
              "source": "primary"
            },
            "modified_on": "2024-01-15T10:31:30Z",
            "name": "app1",
            "priority": null,
            "proxiable": true,
            "proxied": true,
            "tags": null,
            "ttl": 3600,
            "type": "A",
            "value": "192.0.2.50",
            "zone_id": "e2e3f4r5t6y7u8i9o0p1a2s3d4f5g6h7"
          },
          "index_key": "app1",
          "private": "eyJlMmJmYjczMC1lY2FhLTExZTYtOGY4OC0zNDM2M2JjN2M0YzAiOnsiY3JlYXRlIjozMDAwMDAwMDAwMCwidXBkYXRlIjozMDAwMDAwMDAwMH19",
          "schema_version": 2,
          "sensitive_attributes": []
        },
        {
          "attributes": {
            "allow_overwrite": false,
            "comment": "Dynamic record for app2",
            "created_on": "2024-01-15T10:32:30Z",
            "data": null,
            "hostname": "app2.example.com",
            "id": "f72e67954025e0ba6aaa6d586b9e0b71",
            "metadata": {
              "auto_added": false,
              "managed_by_apps": false,
              "managed_by_argo_tunnel": false,
              "source": "primary"
            },
            "modified_on": "2024-01-15T10:32:30Z",
            "name": "app2",
            "priority": null,
            "proxiable": true,
            "proxied": true,
            "tags": null,
            "ttl": 3600,
            "type": "A",
            "value": "192.0.2.50",
            "zone_id": "e2e3f4r5t6y7u8i9o0p1a2s3d4f5g6h7"
          },
          "index_key": "app2",
          "private": "eyJlMmJmYjczMC1lY2FhLTExZTYtOGY4OC0zNDM2M2JjN2M0YzAiOnsiY3JlYXRlIjozMDAwMDAwMDAwMCwidXBkYXRlIjozMDAwMDAwMDAwMH19",
          "schema_version": 2,
          "sensitive_attributes": []
        },
        {
          "attributes": {
            "allow_overwrite": false,
            "comment": "Dynamic record for app3",
            "created_on": "2024-01-15T10:33:30Z",
            "data": null,
            "hostname": "app3.example.com",
            "id": "g72e67954025e0ba6aaa6d586b9e0b72",
            "metadata": {
              "auto_added": false,
              "managed_by_apps": false,
              "managed_by_argo_tunnel": false,
              "source": "primary"
            },
            "modified_on": "2024-01-15T10:33:30Z",
            "name": "app3",
            "priority": null,
            "proxiable": true,
            "proxied": true,
            "tags": null,
            "ttl": 3600,
            "type": "A",
            "value": "192.0.2.50",
            "zone_id": "e2e3f4r5t6y7u8i9o0p1a2s3d4f5g6h7"
          },
          "index_key": "app3",
          "private": "eyJlMmJmYjczMC1lY2FhLTExZTYtOGY4OC0zNDM2M2JjN2M0YzAiOnsiY3JlYXRlIjozMDAwMDAwMDAwMCwidXBkYXRlIjozMDAwMDAwMDAwMH19",
          "schema_version": 2,
          "sensitive_attributes": []
        }
      ]
    },
    {
      "mode": "managed",
      "type": "cloudflare_record",
      "name": "tagged_record",
      "provider": "provider[\"registry.terraform.io/cloudflare/cloudflare\"]",
      "instances": [
        {
          "attributes": {
            "allow_overwrite": false,
            "comment": null,
            "created_on": "2024-01-15T10:34:30Z",
            "data": null,
            "hostname": "api.example.com",
            "id": "h72e67954025e0ba6aaa6d586b9e0b73",
            "metadata": {
              "auto_added": false,
              "managed_by_apps": false,
              "managed_by_argo_tunnel": false,
              "source": "primary"
            },
            "modified_on": "2024-01-15T10:34:30Z",
            "name": "api",
            "priority": null,
            "proxiable": true,
            "proxied": false,
            "tags": ["production", "api", "critical"],
            "ttl": 300,
            "type": "A",
            "value": "192.0.2.100",
            "zone_id": "e2e3f4r5t6y7u8i9o0p1a2s3d4f5g6h7"
          },
          "private": "eyJlMmJmYjczMC1lY2FhLTExZTYtOGY4OC0zNDM2M2JjN2M0YzAiOnsiY3JlYXRlIjozMDAwMDAwMDAwMCwidXBkYXRlIjozMDAwMDAwMDAwMH19",
          "schema_version": 2,
          "sensitive_attributes": []
        }
      ]
    }
  ],
  "check_results": null
}
